{
  "nodes": {
    "flake-utils": {
      "inputs": {
        "systems": "systems"
      },
      "locked": {
        "lastModified": 1735071291,
        "narHash": "sha256-5Pm2fqcPhqAmT0qj061KUAP9RyNHSfmZ2jYo2MU31SQ=",
        "owner": "mwoodpatrick",
        "repo": "flake-utils",
        "rev": "e18ae3659178e670a569d10915d05bc08fb3ef08",
        "type": "github"
      },
      "original": {
        "owner": "mwoodpatrick",
        "repo": "flake-utils",
        "type": "github"
      }
    },
    "nix-vm-test": {
      "inputs": {
        "nixpkgs": [
          "nixpkgs"
        ]
      },
      "locked": {
        "lastModified": 1734964883,
        "narHash": "sha256-02ZPydtuPJ7OCGXox1tJXxKY7nc2Dni6ukvkdO+/AlA=",
        "owner": "mwoodpatrick",
        "repo": "nix-vm-test",
        "rev": "7ab28725372bee62d8fb1d68010888fcd4ec7fcb",
        "type": "github"
      },
      "original": {
        "owner": "mwoodpatrick",
        "repo": "nix-vm-test",
        "rev": "7ab28725372bee62d8fb1d68010888fcd4ec7fcb",
        "type": "github"
      }
    },
    "nixpkgs": {
      "locked": {
        "lastModified": 1734424634,
        "narHash": "sha256-cHar1vqHOOyC7f1+tVycPoWTfKIaqkoe1Q6TnKzuti4=",
        "owner": "nixos",
        "repo": "nixpkgs",
        "rev": "d3c42f187194c26d9f0309a8ecc469d6c878ce33",
        "type": "github"
      },
      "original": {
        "owner": "nixos",
        "ref": "nixos-unstable",
        "repo": "nixpkgs",
        "type": "github"
      }
    },
    "root": {
      "inputs": {
        "flake-utils": "flake-utils",
        "nix-vm-test": "nix-vm-test",
        "nixpkgs": "nixpkgs"
      }
    },
    "systems": {
      "locked": {
        "lastModified": 1681028828,
        "narHash": "sha256-Vy1rq5AaRuLzOxct8nz4T6wlgyUR7zLU309k9mBC768=",
        "owner": "nix-systems",
        "repo": "default",
        "rev": "da67096a3b9bf56a91d16901293e51ba5b49a27e",
        "type": "github"
      },
      "original": {
        "owner": "nix-systems",
        "repo": "default",
        "type": "github"
      }
    }
  },
  "root": "root",
  "version": 7
}
